
Microsoft Visual Studio Solution File, Format Version 12.00
# Visual Studio 15
VisualStudioVersion = 15.0.27004.2008
MinimumVisualStudioVersion = 10.0.40219.1
Project("{FAE04EC0-301F-11D3-BF4B-00C04F79EFBC}") = "Librerias", "Librerias\Librerias.csproj", "{956F89A1-BF3A-465D-9D8E-C3DB832C45DA}"
EndProject
Global
	GlobalSection(SolutionConfigurationPlatforms) = preSolution
		Debug|Any CPU = Debug|Any CPU
		Release|Any CPU = Release|Any CPU
	EndGlobalSection
	GlobalSection(ProjectConfigurationPlatforms) = postSolution
		{956F89A1-BF3A-465D-9D8E-C3DB832C45DA}.Debug|Any CPU.ActiveCfg = Debug|Any CPU
		{956F89A1-BF3A-465D-9D8E-C3DB832C45DA}.Debug|Any CPU.Build.0 = Debug|Any CPU
		{956F89A1-BF3A-465D-9D8E-C3DB832C45DA}.Release|Any CPU.ActiveCfg = Release|Any CPU
		{956F89A1-BF3A-465D-9D8E-C3DB832C45DA}.Release|Any CPU.Build.0 = Release|Any CPU
	EndGlobalSection
	GlobalSection(SolutionProperties) = preSolution
		HideSolutionNode = FALSE
	EndGlobalSection
	GlobalSection(ExtensibilityGlobals) = postSolution
		SolutionGuid = {C5E233B3-FCEB-4F6C-91FA-869369CF7C41}
	EndGlobalSection
EndGlobal
