
Microsoft Visual Studio Solution File, Format Version 12.00
# Visual Studio 2013
VisualStudioVersion = 12.0.40629.0
MinimumVisualStudioVersion = 10.0.40219.1
Project("{FAE04EC0-301F-11D3-BF4B-00C04F79EFBC}") = "Ej09", "Ej09\Ej09.csproj", "{5AB1E80A-ED85-4E93-B4A3-F98D376957FB}"
EndProject
Project("{FAE04EC0-301F-11D3-BF4B-00C04F79EFBC}") = "Ej10", "Ej10\Ej10.csproj", "{78119A67-7137-48AF-86F4-1D392D782903}"
EndProject
Project("{FAE04EC0-301F-11D3-BF4B-00C04F79EFBC}") = "Ej03", "Ej03\Ej03.csproj", "{EE4B71E7-BFE5-4B3E-A0D5-1746CA5F9C52}"
EndProject
Project("{FAE04EC0-301F-11D3-BF4B-00C04F79EFBC}") = "Ej01", "Ej01\Ej01.csproj", "{A349FDA3-4D62-47E1-8D94-C55241AA28A0}"
EndProject
Project("{FAE04EC0-301F-11D3-BF4B-00C04F79EFBC}") = "Ej02", "Ej02\Ej02.csproj", "{1E8320B2-B7EB-4354-9518-39A473234D94}"
EndProject
Project("{FAE04EC0-301F-11D3-BF4B-00C04F79EFBC}") = "Ej04", "Ej04\Ej04.csproj", "{A72C50E1-ECAB-4F21-99FE-487358DA784C}"
EndProject
Project("{FAE04EC0-301F-11D3-BF4B-00C04F79EFBC}") = "Ej05", "Ej05\Ej05.csproj", "{D9616959-1C1A-4EF7-868B-8F7CD018A16B}"
EndProject
Project("{FAE04EC0-301F-11D3-BF4B-00C04F79EFBC}") = "Ej06", "Ej06\Ej06.csproj", "{EB1E8A2E-1D9D-4351-B19F-9F40E45FFE80}"
EndProject
Project("{FAE04EC0-301F-11D3-BF4B-00C04F79EFBC}") = "Ej07", "Ej07\Ej07.csproj", "{C121CE42-72C8-4A57-8C42-5AF84F726F74}"
EndProject
Project("{FAE04EC0-301F-11D3-BF4B-00C04F79EFBC}") = "Ej08", "Ej08\Ej08.csproj", "{5DD649BB-AB40-4209-921F-163DBB00C2F6}"
EndProject
Project("{FAE04EC0-301F-11D3-BF4B-00C04F79EFBC}") = "Ej11", "Ej11\Ej11.csproj", "{E179FD1A-9E21-450B-AD32-9546DA07D8BB}"
EndProject
Project("{FAE04EC0-301F-11D3-BF4B-00C04F79EFBC}") = "Ej12", "Ej12\Ej12.csproj", "{3246642F-9ECD-41E5-A00A-1BAB49E02BD3}"
EndProject
Project("{FAE04EC0-301F-11D3-BF4B-00C04F79EFBC}") = "Ej13", "Ej13\Ej13.csproj", "{2DADBB83-23A4-4D77-94BF-12903049A3E4}"
EndProject
Project("{FAE04EC0-301F-11D3-BF4B-00C04F79EFBC}") = "Ej14", "Ej14\Ej14.csproj", "{9C5F2DDC-6D56-40E1-9197-15E591ACD0F6}"
EndProject
Project("{FAE04EC0-301F-11D3-BF4B-00C04F79EFBC}") = "Ej16", "Ej16\Ej16.csproj", "{AF4D0C95-DD64-4EDD-8108-8428DCDAF1D4}"
EndProject
Project("{FAE04EC0-301F-11D3-BF4B-00C04F79EFBC}") = "Ej15", "Ej15\Ej15.csproj", "{560B352B-1AE3-4D69-9090-DA3C989B2CA6}"
EndProject
Project("{FAE04EC0-301F-11D3-BF4B-00C04F79EFBC}") = "Ej17", "Ej17\Ej17.csproj", "{97E48DDB-74AB-41CA-AFEC-5B4906EE472A}"
EndProject
Project("{FAE04EC0-301F-11D3-BF4B-00C04F79EFBC}") = "Clase-4", "Clase-4\Clase-4.csproj", "{424B6297-F0C6-4090-8201-CEE0E5F075D4}"
EndProject
Project("{FAE04EC0-301F-11D3-BF4B-00C04F79EFBC}") = "Ej18", "Ej18\Ej18.csproj", "{874FAABE-3514-4025-9A34-58CB7326D294}"
EndProject
Project("{FAE04EC0-301F-11D3-BF4B-00C04F79EFBC}") = "Ej19", "EJ19\Ej19.csproj", "{C1D137E1-6C55-4C30-AB8B-0651926496E5}"
EndProject
Project("{FAE04EC0-301F-11D3-BF4B-00C04F79EFBC}") = "Ej20", "Ej20\Ej20.csproj", "{F429EFEB-F0CB-4517-9735-58D98D6322A2}"
EndProject
Project("{FAE04EC0-301F-11D3-BF4B-00C04F79EFBC}") = "Ej21", "Ej21\Ej21.csproj", "{670F870A-C595-4B6A-80B9-DD49E274974E}"
EndProject
Project("{FAE04EC0-301F-11D3-BF4B-00C04F79EFBC}") = "Clase5", "Clase5\Clase5.csproj", "{4AF1B750-7B07-4826-B222-1935C4590984}"
EndProject
Project("{FAE04EC0-301F-11D3-BF4B-00C04F79EFBC}") = "Ej22", "Ej22\Ej22.csproj", "{D4A05136-4598-42F8-BE1E-D89EF61DD691}"
EndProject
Project("{FAE04EC0-301F-11D3-BF4B-00C04F79EFBC}") = "Ej24", "Ej24\Ej24.csproj", "{3EF5C2E5-DE68-4791-800C-B7E48199F0ED}"
EndProject
Project("{FAE04EC0-301F-11D3-BF4B-00C04F79EFBC}") = "Ej26", "Ej26\Ej26.csproj", "{F330B96F-56D0-445D-A3AC-23B56AE8A342}"
EndProject
Project("{FAE04EC0-301F-11D3-BF4B-00C04F79EFBC}") = "Ej23", "Ej23\Ej23.csproj", "{FF920A26-2AF5-413A-9BD4-7A45334D9214}"
EndProject
Project("{FAE04EC0-301F-11D3-BF4B-00C04F79EFBC}") = "Ej27", "Ej27\Ej27.csproj", "{493395A1-820C-4C7A-84EE-84E1E02B7134}"
EndProject
Project("{FAE04EC0-301F-11D3-BF4B-00C04F79EFBC}") = "Ej28", "Ej28\Ej28.csproj", "{2FAB9DF2-3D54-45C4-B3C7-C2EAFB4BEAAC}"
EndProject
Project("{FAE04EC0-301F-11D3-BF4B-00C04F79EFBC}") = "Ej29", "Ej29\Ej29.csproj", "{EEBE5910-11A4-4631-8912-6AE737CC089B}"
EndProject
Project("{FAE04EC0-301F-11D3-BF4B-00C04F79EFBC}") = "Ej31", "Ej31\Ej31.csproj", "{48BE60D2-AB8E-4CEA-ABDF-FC8BDD902B1F}"
EndProject
Project("{FAE04EC0-301F-11D3-BF4B-00C04F79EFBC}") = "Ej34", "Ej34\Ej34.csproj", "{28FF9BD3-73AA-4484-9FB0-D62E02A1F5AC}"
EndProject
Project("{FAE04EC0-301F-11D3-BF4B-00C04F79EFBC}") = "Ej37_Entidades", "Ej37_Entidades\Ej37_Entidades.csproj", "{6622430B-F578-4912-B4F5-B5546AF1F86D}"
EndProject
Project("{FAE04EC0-301F-11D3-BF4B-00C04F79EFBC}") = "Ej37_Test", "Ej37_Test\Ej37_Test.csproj", "{19CDA045-9979-4FE0-A223-1A7951C6F6C8}"
EndProject
Project("{FAE04EC0-301F-11D3-BF4B-00C04F79EFBC}") = "Ej38", "Ej38\Ej38.csproj", "{D271D267-1DF0-4623-82DF-931C7108110A}"
EndProject
Project("{FAE04EC0-301F-11D3-BF4B-00C04F79EFBC}") = "Ej40_Entidades", "Ej40_Entidades\Ej40_Entidades.csproj", "{A91CB9FB-C3C2-4355-892B-686434B6B5BF}"
EndProject
Project("{FAE04EC0-301F-11D3-BF4B-00C04F79EFBC}") = "Ej40_Test", "Ej40_Test\Ej40_Test.csproj", "{E7310E0D-99AB-45BC-A425-393FEA1C0CC0}"
EndProject
Global
	GlobalSection(SolutionConfigurationPlatforms) = preSolution
		Debug|Any CPU = Debug|Any CPU
		Release|Any CPU = Release|Any CPU
	EndGlobalSection
	GlobalSection(ProjectConfigurationPlatforms) = postSolution
		{5AB1E80A-ED85-4E93-B4A3-F98D376957FB}.Debug|Any CPU.ActiveCfg = Debug|Any CPU
		{5AB1E80A-ED85-4E93-B4A3-F98D376957FB}.Debug|Any CPU.Build.0 = Debug|Any CPU
		{5AB1E80A-ED85-4E93-B4A3-F98D376957FB}.Release|Any CPU.ActiveCfg = Release|Any CPU
		{5AB1E80A-ED85-4E93-B4A3-F98D376957FB}.Release|Any CPU.Build.0 = Release|Any CPU
		{78119A67-7137-48AF-86F4-1D392D782903}.Debug|Any CPU.ActiveCfg = Debug|Any CPU
		{78119A67-7137-48AF-86F4-1D392D782903}.Debug|Any CPU.Build.0 = Debug|Any CPU
		{78119A67-7137-48AF-86F4-1D392D782903}.Release|Any CPU.ActiveCfg = Release|Any CPU
		{78119A67-7137-48AF-86F4-1D392D782903}.Release|Any CPU.Build.0 = Release|Any CPU
		{EE4B71E7-BFE5-4B3E-A0D5-1746CA5F9C52}.Debug|Any CPU.ActiveCfg = Debug|Any CPU
		{EE4B71E7-BFE5-4B3E-A0D5-1746CA5F9C52}.Debug|Any CPU.Build.0 = Debug|Any CPU
		{EE4B71E7-BFE5-4B3E-A0D5-1746CA5F9C52}.Release|Any CPU.ActiveCfg = Release|Any CPU
		{EE4B71E7-BFE5-4B3E-A0D5-1746CA5F9C52}.Release|Any CPU.Build.0 = Release|Any CPU
		{A349FDA3-4D62-47E1-8D94-C55241AA28A0}.Debug|Any CPU.ActiveCfg = Debug|Any CPU
		{A349FDA3-4D62-47E1-8D94-C55241AA28A0}.Debug|Any CPU.Build.0 = Debug|Any CPU
		{A349FDA3-4D62-47E1-8D94-C55241AA28A0}.Release|Any CPU.ActiveCfg = Release|Any CPU
		{A349FDA3-4D62-47E1-8D94-C55241AA28A0}.Release|Any CPU.Build.0 = Release|Any CPU
		{1E8320B2-B7EB-4354-9518-39A473234D94}.Debug|Any CPU.ActiveCfg = Debug|Any CPU
		{1E8320B2-B7EB-4354-9518-39A473234D94}.Debug|Any CPU.Build.0 = Debug|Any CPU
		{1E8320B2-B7EB-4354-9518-39A473234D94}.Release|Any CPU.ActiveCfg = Release|Any CPU
		{1E8320B2-B7EB-4354-9518-39A473234D94}.Release|Any CPU.Build.0 = Release|Any CPU
		{A72C50E1-ECAB-4F21-99FE-487358DA784C}.Debug|Any CPU.ActiveCfg = Debug|Any CPU
		{A72C50E1-ECAB-4F21-99FE-487358DA784C}.Debug|Any CPU.Build.0 = Debug|Any CPU
		{A72C50E1-ECAB-4F21-99FE-487358DA784C}.Release|Any CPU.ActiveCfg = Release|Any CPU
		{A72C50E1-ECAB-4F21-99FE-487358DA784C}.Release|Any CPU.Build.0 = Release|Any CPU
		{D9616959-1C1A-4EF7-868B-8F7CD018A16B}.Debug|Any CPU.ActiveCfg = Debug|Any CPU
		{D9616959-1C1A-4EF7-868B-8F7CD018A16B}.Debug|Any CPU.Build.0 = Debug|Any CPU
		{D9616959-1C1A-4EF7-868B-8F7CD018A16B}.Release|Any CPU.ActiveCfg = Release|Any CPU
		{D9616959-1C1A-4EF7-868B-8F7CD018A16B}.Release|Any CPU.Build.0 = Release|Any CPU
		{EB1E8A2E-1D9D-4351-B19F-9F40E45FFE80}.Debug|Any CPU.ActiveCfg = Debug|Any CPU
		{EB1E8A2E-1D9D-4351-B19F-9F40E45FFE80}.Debug|Any CPU.Build.0 = Debug|Any CPU
		{EB1E8A2E-1D9D-4351-B19F-9F40E45FFE80}.Release|Any CPU.ActiveCfg = Release|Any CPU
		{EB1E8A2E-1D9D-4351-B19F-9F40E45FFE80}.Release|Any CPU.Build.0 = Release|Any CPU
		{C121CE42-72C8-4A57-8C42-5AF84F726F74}.Debug|Any CPU.ActiveCfg = Debug|Any CPU
		{C121CE42-72C8-4A57-8C42-5AF84F726F74}.Debug|Any CPU.Build.0 = Debug|Any CPU
		{C121CE42-72C8-4A57-8C42-5AF84F726F74}.Release|Any CPU.ActiveCfg = Release|Any CPU
		{C121CE42-72C8-4A57-8C42-5AF84F726F74}.Release|Any CPU.Build.0 = Release|Any CPU
		{5DD649BB-AB40-4209-921F-163DBB00C2F6}.Debug|Any CPU.ActiveCfg = Debug|Any CPU
		{5DD649BB-AB40-4209-921F-163DBB00C2F6}.Debug|Any CPU.Build.0 = Debug|Any CPU
		{5DD649BB-AB40-4209-921F-163DBB00C2F6}.Release|Any CPU.ActiveCfg = Release|Any CPU
		{5DD649BB-AB40-4209-921F-163DBB00C2F6}.Release|Any CPU.Build.0 = Release|Any CPU
		{E179FD1A-9E21-450B-AD32-9546DA07D8BB}.Debug|Any CPU.ActiveCfg = Debug|Any CPU
		{E179FD1A-9E21-450B-AD32-9546DA07D8BB}.Debug|Any CPU.Build.0 = Debug|Any CPU
		{E179FD1A-9E21-450B-AD32-9546DA07D8BB}.Release|Any CPU.ActiveCfg = Release|Any CPU
		{E179FD1A-9E21-450B-AD32-9546DA07D8BB}.Release|Any CPU.Build.0 = Release|Any CPU
		{3246642F-9ECD-41E5-A00A-1BAB49E02BD3}.Debug|Any CPU.ActiveCfg = Debug|Any CPU
		{3246642F-9ECD-41E5-A00A-1BAB49E02BD3}.Debug|Any CPU.Build.0 = Debug|Any CPU
		{3246642F-9ECD-41E5-A00A-1BAB49E02BD3}.Release|Any CPU.ActiveCfg = Release|Any CPU
		{3246642F-9ECD-41E5-A00A-1BAB49E02BD3}.Release|Any CPU.Build.0 = Release|Any CPU
		{2DADBB83-23A4-4D77-94BF-12903049A3E4}.Debug|Any CPU.ActiveCfg = Debug|Any CPU
		{2DADBB83-23A4-4D77-94BF-12903049A3E4}.Debug|Any CPU.Build.0 = Debug|Any CPU
		{2DADBB83-23A4-4D77-94BF-12903049A3E4}.Release|Any CPU.ActiveCfg = Release|Any CPU
		{2DADBB83-23A4-4D77-94BF-12903049A3E4}.Release|Any CPU.Build.0 = Release|Any CPU
		{9C5F2DDC-6D56-40E1-9197-15E591ACD0F6}.Debug|Any CPU.ActiveCfg = Debug|Any CPU
		{9C5F2DDC-6D56-40E1-9197-15E591ACD0F6}.Debug|Any CPU.Build.0 = Debug|Any CPU
		{9C5F2DDC-6D56-40E1-9197-15E591ACD0F6}.Release|Any CPU.ActiveCfg = Release|Any CPU
		{9C5F2DDC-6D56-40E1-9197-15E591ACD0F6}.Release|Any CPU.Build.0 = Release|Any CPU
		{AF4D0C95-DD64-4EDD-8108-8428DCDAF1D4}.Debug|Any CPU.ActiveCfg = Debug|Any CPU
		{AF4D0C95-DD64-4EDD-8108-8428DCDAF1D4}.Debug|Any CPU.Build.0 = Debug|Any CPU
		{AF4D0C95-DD64-4EDD-8108-8428DCDAF1D4}.Release|Any CPU.ActiveCfg = Release|Any CPU
		{AF4D0C95-DD64-4EDD-8108-8428DCDAF1D4}.Release|Any CPU.Build.0 = Release|Any CPU
		{560B352B-1AE3-4D69-9090-DA3C989B2CA6}.Debug|Any CPU.ActiveCfg = Debug|Any CPU
		{560B352B-1AE3-4D69-9090-DA3C989B2CA6}.Debug|Any CPU.Build.0 = Debug|Any CPU
		{560B352B-1AE3-4D69-9090-DA3C989B2CA6}.Release|Any CPU.ActiveCfg = Release|Any CPU
		{560B352B-1AE3-4D69-9090-DA3C989B2CA6}.Release|Any CPU.Build.0 = Release|Any CPU
		{97E48DDB-74AB-41CA-AFEC-5B4906EE472A}.Debug|Any CPU.ActiveCfg = Debug|Any CPU
		{97E48DDB-74AB-41CA-AFEC-5B4906EE472A}.Debug|Any CPU.Build.0 = Debug|Any CPU
		{97E48DDB-74AB-41CA-AFEC-5B4906EE472A}.Release|Any CPU.ActiveCfg = Release|Any CPU
		{97E48DDB-74AB-41CA-AFEC-5B4906EE472A}.Release|Any CPU.Build.0 = Release|Any CPU
		{424B6297-F0C6-4090-8201-CEE0E5F075D4}.Debug|Any CPU.ActiveCfg = Debug|Any CPU
		{424B6297-F0C6-4090-8201-CEE0E5F075D4}.Debug|Any CPU.Build.0 = Debug|Any CPU
		{424B6297-F0C6-4090-8201-CEE0E5F075D4}.Release|Any CPU.ActiveCfg = Release|Any CPU
		{424B6297-F0C6-4090-8201-CEE0E5F075D4}.Release|Any CPU.Build.0 = Release|Any CPU
		{874FAABE-3514-4025-9A34-58CB7326D294}.Debug|Any CPU.ActiveCfg = Debug|Any CPU
		{874FAABE-3514-4025-9A34-58CB7326D294}.Debug|Any CPU.Build.0 = Debug|Any CPU
		{874FAABE-3514-4025-9A34-58CB7326D294}.Release|Any CPU.ActiveCfg = Release|Any CPU
		{874FAABE-3514-4025-9A34-58CB7326D294}.Release|Any CPU.Build.0 = Release|Any CPU
		{C1D137E1-6C55-4C30-AB8B-0651926496E5}.Debug|Any CPU.ActiveCfg = Debug|Any CPU
		{C1D137E1-6C55-4C30-AB8B-0651926496E5}.Debug|Any CPU.Build.0 = Debug|Any CPU
		{C1D137E1-6C55-4C30-AB8B-0651926496E5}.Release|Any CPU.ActiveCfg = Release|Any CPU
		{C1D137E1-6C55-4C30-AB8B-0651926496E5}.Release|Any CPU.Build.0 = Release|Any CPU
		{F429EFEB-F0CB-4517-9735-58D98D6322A2}.Debug|Any CPU.ActiveCfg = Debug|Any CPU
		{F429EFEB-F0CB-4517-9735-58D98D6322A2}.Debug|Any CPU.Build.0 = Debug|Any CPU
		{F429EFEB-F0CB-4517-9735-58D98D6322A2}.Release|Any CPU.ActiveCfg = Release|Any CPU
		{F429EFEB-F0CB-4517-9735-58D98D6322A2}.Release|Any CPU.Build.0 = Release|Any CPU
		{670F870A-C595-4B6A-80B9-DD49E274974E}.Debug|Any CPU.ActiveCfg = Debug|Any CPU
		{670F870A-C595-4B6A-80B9-DD49E274974E}.Debug|Any CPU.Build.0 = Debug|Any CPU
		{670F870A-C595-4B6A-80B9-DD49E274974E}.Release|Any CPU.ActiveCfg = Release|Any CPU
		{670F870A-C595-4B6A-80B9-DD49E274974E}.Release|Any CPU.Build.0 = Release|Any CPU
		{4AF1B750-7B07-4826-B222-1935C4590984}.Debug|Any CPU.ActiveCfg = Debug|Any CPU
		{4AF1B750-7B07-4826-B222-1935C4590984}.Debug|Any CPU.Build.0 = Debug|Any CPU
		{4AF1B750-7B07-4826-B222-1935C4590984}.Release|Any CPU.ActiveCfg = Release|Any CPU
		{4AF1B750-7B07-4826-B222-1935C4590984}.Release|Any CPU.Build.0 = Release|Any CPU
		{D4A05136-4598-42F8-BE1E-D89EF61DD691}.Debug|Any CPU.ActiveCfg = Debug|Any CPU
		{D4A05136-4598-42F8-BE1E-D89EF61DD691}.Debug|Any CPU.Build.0 = Debug|Any CPU
		{D4A05136-4598-42F8-BE1E-D89EF61DD691}.Release|Any CPU.ActiveCfg = Release|Any CPU
		{D4A05136-4598-42F8-BE1E-D89EF61DD691}.Release|Any CPU.Build.0 = Release|Any CPU
		{3EF5C2E5-DE68-4791-800C-B7E48199F0ED}.Debug|Any CPU.ActiveCfg = Debug|Any CPU
		{3EF5C2E5-DE68-4791-800C-B7E48199F0ED}.Debug|Any CPU.Build.0 = Debug|Any CPU
		{3EF5C2E5-DE68-4791-800C-B7E48199F0ED}.Release|Any CPU.ActiveCfg = Release|Any CPU
		{3EF5C2E5-DE68-4791-800C-B7E48199F0ED}.Release|Any CPU.Build.0 = Release|Any CPU
		{F330B96F-56D0-445D-A3AC-23B56AE8A342}.Debug|Any CPU.ActiveCfg = Debug|Any CPU
		{F330B96F-56D0-445D-A3AC-23B56AE8A342}.Debug|Any CPU.Build.0 = Debug|Any CPU
		{F330B96F-56D0-445D-A3AC-23B56AE8A342}.Release|Any CPU.ActiveCfg = Release|Any CPU
		{F330B96F-56D0-445D-A3AC-23B56AE8A342}.Release|Any CPU.Build.0 = Release|Any CPU
		{FF920A26-2AF5-413A-9BD4-7A45334D9214}.Debug|Any CPU.ActiveCfg = Debug|Any CPU
		{FF920A26-2AF5-413A-9BD4-7A45334D9214}.Debug|Any CPU.Build.0 = Debug|Any CPU
		{FF920A26-2AF5-413A-9BD4-7A45334D9214}.Release|Any CPU.ActiveCfg = Release|Any CPU
		{FF920A26-2AF5-413A-9BD4-7A45334D9214}.Release|Any CPU.Build.0 = Release|Any CPU
		{493395A1-820C-4C7A-84EE-84E1E02B7134}.Debug|Any CPU.ActiveCfg = Debug|Any CPU
		{493395A1-820C-4C7A-84EE-84E1E02B7134}.Debug|Any CPU.Build.0 = Debug|Any CPU
		{493395A1-820C-4C7A-84EE-84E1E02B7134}.Release|Any CPU.ActiveCfg = Release|Any CPU
		{493395A1-820C-4C7A-84EE-84E1E02B7134}.Release|Any CPU.Build.0 = Release|Any CPU
		{2FAB9DF2-3D54-45C4-B3C7-C2EAFB4BEAAC}.Debug|Any CPU.ActiveCfg = Debug|Any CPU
		{2FAB9DF2-3D54-45C4-B3C7-C2EAFB4BEAAC}.Debug|Any CPU.Build.0 = Debug|Any CPU
		{2FAB9DF2-3D54-45C4-B3C7-C2EAFB4BEAAC}.Release|Any CPU.ActiveCfg = Release|Any CPU
		{2FAB9DF2-3D54-45C4-B3C7-C2EAFB4BEAAC}.Release|Any CPU.Build.0 = Release|Any CPU
		{EEBE5910-11A4-4631-8912-6AE737CC089B}.Debug|Any CPU.ActiveCfg = Debug|Any CPU
		{EEBE5910-11A4-4631-8912-6AE737CC089B}.Debug|Any CPU.Build.0 = Debug|Any CPU
		{EEBE5910-11A4-4631-8912-6AE737CC089B}.Release|Any CPU.ActiveCfg = Release|Any CPU
		{EEBE5910-11A4-4631-8912-6AE737CC089B}.Release|Any CPU.Build.0 = Release|Any CPU
		{48BE60D2-AB8E-4CEA-ABDF-FC8BDD902B1F}.Debug|Any CPU.ActiveCfg = Debug|Any CPU
		{48BE60D2-AB8E-4CEA-ABDF-FC8BDD902B1F}.Debug|Any CPU.Build.0 = Debug|Any CPU
		{48BE60D2-AB8E-4CEA-ABDF-FC8BDD902B1F}.Release|Any CPU.ActiveCfg = Release|Any CPU
		{48BE60D2-AB8E-4CEA-ABDF-FC8BDD902B1F}.Release|Any CPU.Build.0 = Release|Any CPU
		{28FF9BD3-73AA-4484-9FB0-D62E02A1F5AC}.Debug|Any CPU.ActiveCfg = Debug|Any CPU
		{28FF9BD3-73AA-4484-9FB0-D62E02A1F5AC}.Debug|Any CPU.Build.0 = Debug|Any CPU
		{28FF9BD3-73AA-4484-9FB0-D62E02A1F5AC}.Release|Any CPU.ActiveCfg = Release|Any CPU
		{28FF9BD3-73AA-4484-9FB0-D62E02A1F5AC}.Release|Any CPU.Build.0 = Release|Any CPU
		{6622430B-F578-4912-B4F5-B5546AF1F86D}.Debug|Any CPU.ActiveCfg = Debug|Any CPU
		{6622430B-F578-4912-B4F5-B5546AF1F86D}.Debug|Any CPU.Build.0 = Debug|Any CPU
		{6622430B-F578-4912-B4F5-B5546AF1F86D}.Release|Any CPU.ActiveCfg = Release|Any CPU
		{6622430B-F578-4912-B4F5-B5546AF1F86D}.Release|Any CPU.Build.0 = Release|Any CPU
		{19CDA045-9979-4FE0-A223-1A7951C6F6C8}.Debug|Any CPU.ActiveCfg = Debug|Any CPU
		{19CDA045-9979-4FE0-A223-1A7951C6F6C8}.Debug|Any CPU.Build.0 = Debug|Any CPU
		{19CDA045-9979-4FE0-A223-1A7951C6F6C8}.Release|Any CPU.ActiveCfg = Release|Any CPU
		{19CDA045-9979-4FE0-A223-1A7951C6F6C8}.Release|Any CPU.Build.0 = Release|Any CPU
		{D271D267-1DF0-4623-82DF-931C7108110A}.Debug|Any CPU.ActiveCfg = Debug|Any CPU
		{D271D267-1DF0-4623-82DF-931C7108110A}.Debug|Any CPU.Build.0 = Debug|Any CPU
		{D271D267-1DF0-4623-82DF-931C7108110A}.Release|Any CPU.ActiveCfg = Release|Any CPU
		{D271D267-1DF0-4623-82DF-931C7108110A}.Release|Any CPU.Build.0 = Release|Any CPU
		{A91CB9FB-C3C2-4355-892B-686434B6B5BF}.Debug|Any CPU.ActiveCfg = Debug|Any CPU
		{A91CB9FB-C3C2-4355-892B-686434B6B5BF}.Debug|Any CPU.Build.0 = Debug|Any CPU
		{A91CB9FB-C3C2-4355-892B-686434B6B5BF}.Release|Any CPU.ActiveCfg = Release|Any CPU
		{A91CB9FB-C3C2-4355-892B-686434B6B5BF}.Release|Any CPU.Build.0 = Release|Any CPU
		{E7310E0D-99AB-45BC-A425-393FEA1C0CC0}.Debug|Any CPU.ActiveCfg = Debug|Any CPU
		{E7310E0D-99AB-45BC-A425-393FEA1C0CC0}.Debug|Any CPU.Build.0 = Debug|Any CPU
		{E7310E0D-99AB-45BC-A425-393FEA1C0CC0}.Release|Any CPU.ActiveCfg = Release|Any CPU
		{E7310E0D-99AB-45BC-A425-393FEA1C0CC0}.Release|Any CPU.Build.0 = Release|Any CPU
	EndGlobalSection
	GlobalSection(SolutionProperties) = preSolution
		HideSolutionNode = FALSE
	EndGlobalSection
EndGlobal
