
Microsoft Visual Studio Solution File, Format Version 12.00
# Visual Studio 2013
VisualStudioVersion = 12.0.40629.0
MinimumVisualStudioVersion = 10.0.40219.1
Project("{FAE04EC0-301F-11D3-BF4B-00C04F79EFBC}") = "Ej09", "Ej09\Ej09.csproj", "{5AB1E80A-ED85-4E93-B4A3-F98D376957FB}"
EndProject
Project("{FAE04EC0-301F-11D3-BF4B-00C04F79EFBC}") = "Ej10", "Ej10\Ej10.csproj", "{78119A67-7137-48AF-86F4-1D392D782903}"
EndProject
Project("{FAE04EC0-301F-11D3-BF4B-00C04F79EFBC}") = "Ej03", "Ej03\Ej03.csproj", "{EE4B71E7-BFE5-4B3E-A0D5-1746CA5F9C52}"
EndProject
Project("{FAE04EC0-301F-11D3-BF4B-00C04F79EFBC}") = "Ej01", "Ej01\Ej01.csproj", "{A349FDA3-4D62-47E1-8D94-C55241AA28A0}"
EndProject
Project("{FAE04EC0-301F-11D3-BF4B-00C04F79EFBC}") = "Ej02", "Ej02\Ej02.csproj", "{1E8320B2-B7EB-4354-9518-39A473234D94}"
EndProject
Project("{FAE04EC0-301F-11D3-BF4B-00C04F79EFBC}") = "Ej04", "Ej04\Ej04.csproj", "{A72C50E1-ECAB-4F21-99FE-487358DA784C}"
EndProject
Project("{FAE04EC0-301F-11D3-BF4B-00C04F79EFBC}") = "Ej05", "Ej05\Ej05.csproj", "{D9616959-1C1A-4EF7-868B-8F7CD018A16B}"
EndProject
Project("{FAE04EC0-301F-11D3-BF4B-00C04F79EFBC}") = "Ej06", "Ej06\Ej06.csproj", "{EB1E8A2E-1D9D-4351-B19F-9F40E45FFE80}"
EndProject
Project("{FAE04EC0-301F-11D3-BF4B-00C04F79EFBC}") = "Ej07", "Ej07\Ej07.csproj", "{C121CE42-72C8-4A57-8C42-5AF84F726F74}"
EndProject
Project("{FAE04EC0-301F-11D3-BF4B-00C04F79EFBC}") = "Ej08", "Ej08\Ej08.csproj", "{5DD649BB-AB40-4209-921F-163DBB00C2F6}"
EndProject
Project("{FAE04EC0-301F-11D3-BF4B-00C04F79EFBC}") = "Ej11", "Ej11\Ej11.csproj", "{E179FD1A-9E21-450B-AD32-9546DA07D8BB}"
EndProject
Project("{FAE04EC0-301F-11D3-BF4B-00C04F79EFBC}") = "Ej12", "Ej12\Ej12.csproj", "{3246642F-9ECD-41E5-A00A-1BAB49E02BD3}"
EndProject
Project("{FAE04EC0-301F-11D3-BF4B-00C04F79EFBC}") = "Ej13", "Ej13\Ej13.csproj", "{2DADBB83-23A4-4D77-94BF-12903049A3E4}"
EndProject
Project("{FAE04EC0-301F-11D3-BF4B-00C04F79EFBC}") = "Ej14", "Ej14\Ej14.csproj", "{9C5F2DDC-6D56-40E1-9197-15E591ACD0F6}"
EndProject
Project("{FAE04EC0-301F-11D3-BF4B-00C04F79EFBC}") = "Ej16", "Ej16\Ej16.csproj", "{AF4D0C95-DD64-4EDD-8108-8428DCDAF1D4}"
EndProject
Project("{FAE04EC0-301F-11D3-BF4B-00C04F79EFBC}") = "Ej15", "Ej15\Ej15.csproj", "{560B352B-1AE3-4D69-9090-DA3C989B2CA6}"
EndProject
Project("{FAE04EC0-301F-11D3-BF4B-00C04F79EFBC}") = "Ej17", "Ej17\Ej17.csproj", "{97E48DDB-74AB-41CA-AFEC-5B4906EE472A}"
EndProject
Project("{FAE04EC0-301F-11D3-BF4B-00C04F79EFBC}") = "Clase-4", "Clase-4\Clase-4.csproj", "{424B6297-F0C6-4090-8201-CEE0E5F075D4}"
EndProject
Project("{FAE04EC0-301F-11D3-BF4B-00C04F79EFBC}") = "Ej18", "Ej18\Ej18.csproj", "{874FAABE-3514-4025-9A34-58CB7326D294}"
EndProject
Global
	GlobalSection(SolutionConfigurationPlatforms) = preSolution
		Debug|Any CPU = Debug|Any CPU
		Release|Any CPU = Release|Any CPU
	EndGlobalSection
	GlobalSection(ProjectConfigurationPlatforms) = postSolution
		{5AB1E80A-ED85-4E93-B4A3-F98D376957FB}.Debug|Any CPU.ActiveCfg = Debug|Any CPU
		{5AB1E80A-ED85-4E93-B4A3-F98D376957FB}.Debug|Any CPU.Build.0 = Debug|Any CPU
		{5AB1E80A-ED85-4E93-B4A3-F98D376957FB}.Release|Any CPU.ActiveCfg = Release|Any CPU
		{5AB1E80A-ED85-4E93-B4A3-F98D376957FB}.Release|Any CPU.Build.0 = Release|Any CPU
		{78119A67-7137-48AF-86F4-1D392D782903}.Debug|Any CPU.ActiveCfg = Debug|Any CPU
		{78119A67-7137-48AF-86F4-1D392D782903}.Debug|Any CPU.Build.0 = Debug|Any CPU
		{78119A67-7137-48AF-86F4-1D392D782903}.Release|Any CPU.ActiveCfg = Release|Any CPU
		{78119A67-7137-48AF-86F4-1D392D782903}.Release|Any CPU.Build.0 = Release|Any CPU
		{EE4B71E7-BFE5-4B3E-A0D5-1746CA5F9C52}.Debug|Any CPU.ActiveCfg = Debug|Any CPU
		{EE4B71E7-BFE5-4B3E-A0D5-1746CA5F9C52}.Debug|Any CPU.Build.0 = Debug|Any CPU
		{EE4B71E7-BFE5-4B3E-A0D5-1746CA5F9C52}.Release|Any CPU.ActiveCfg = Release|Any CPU
		{EE4B71E7-BFE5-4B3E-A0D5-1746CA5F9C52}.Release|Any CPU.Build.0 = Release|Any CPU
		{A349FDA3-4D62-47E1-8D94-C55241AA28A0}.Debug|Any CPU.ActiveCfg = Debug|Any CPU
		{A349FDA3-4D62-47E1-8D94-C55241AA28A0}.Debug|Any CPU.Build.0 = Debug|Any CPU
		{A349FDA3-4D62-47E1-8D94-C55241AA28A0}.Release|Any CPU.ActiveCfg = Release|Any CPU
		{A349FDA3-4D62-47E1-8D94-C55241AA28A0}.Release|Any CPU.Build.0 = Release|Any CPU
		{1E8320B2-B7EB-4354-9518-39A473234D94}.Debug|Any CPU.ActiveCfg = Debug|Any CPU
		{1E8320B2-B7EB-4354-9518-39A473234D94}.Debug|Any CPU.Build.0 = Debug|Any CPU
		{1E8320B2-B7EB-4354-9518-39A473234D94}.Release|Any CPU.ActiveCfg = Release|Any CPU
		{1E8320B2-B7EB-4354-9518-39A473234D94}.Release|Any CPU.Build.0 = Release|Any CPU
		{A72C50E1-ECAB-4F21-99FE-487358DA784C}.Debug|Any CPU.ActiveCfg = Debug|Any CPU
		{A72C50E1-ECAB-4F21-99FE-487358DA784C}.Debug|Any CPU.Build.0 = Debug|Any CPU
		{A72C50E1-ECAB-4F21-99FE-487358DA784C}.Release|Any CPU.ActiveCfg = Release|Any CPU
		{A72C50E1-ECAB-4F21-99FE-487358DA784C}.Release|Any CPU.Build.0 = Release|Any CPU
		{D9616959-1C1A-4EF7-868B-8F7CD018A16B}.Debug|Any CPU.ActiveCfg = Debug|Any CPU
		{D9616959-1C1A-4EF7-868B-8F7CD018A16B}.Debug|Any CPU.Build.0 = Debug|Any CPU
		{D9616959-1C1A-4EF7-868B-8F7CD018A16B}.Release|Any CPU.ActiveCfg = Release|Any CPU
		{D9616959-1C1A-4EF7-868B-8F7CD018A16B}.Release|Any CPU.Build.0 = Release|Any CPU
		{EB1E8A2E-1D9D-4351-B19F-9F40E45FFE80}.Debug|Any CPU.ActiveCfg = Debug|Any CPU
		{EB1E8A2E-1D9D-4351-B19F-9F40E45FFE80}.Debug|Any CPU.Build.0 = Debug|Any CPU
		{EB1E8A2E-1D9D-4351-B19F-9F40E45FFE80}.Release|Any CPU.ActiveCfg = Release|Any CPU
		{EB1E8A2E-1D9D-4351-B19F-9F40E45FFE80}.Release|Any CPU.Build.0 = Release|Any CPU
		{C121CE42-72C8-4A57-8C42-5AF84F726F74}.Debug|Any CPU.ActiveCfg = Debug|Any CPU
		{C121CE42-72C8-4A57-8C42-5AF84F726F74}.Debug|Any CPU.Build.0 = Debug|Any CPU
		{C121CE42-72C8-4A57-8C42-5AF84F726F74}.Release|Any CPU.ActiveCfg = Release|Any CPU
		{C121CE42-72C8-4A57-8C42-5AF84F726F74}.Release|Any CPU.Build.0 = Release|Any CPU
		{5DD649BB-AB40-4209-921F-163DBB00C2F6}.Debug|Any CPU.ActiveCfg = Debug|Any CPU
		{5DD649BB-AB40-4209-921F-163DBB00C2F6}.Debug|Any CPU.Build.0 = Debug|Any CPU
		{5DD649BB-AB40-4209-921F-163DBB00C2F6}.Release|Any CPU.ActiveCfg = Release|Any CPU
		{5DD649BB-AB40-4209-921F-163DBB00C2F6}.Release|Any CPU.Build.0 = Release|Any CPU
		{E179FD1A-9E21-450B-AD32-9546DA07D8BB}.Debug|Any CPU.ActiveCfg = Debug|Any CPU
		{E179FD1A-9E21-450B-AD32-9546DA07D8BB}.Debug|Any CPU.Build.0 = Debug|Any CPU
		{E179FD1A-9E21-450B-AD32-9546DA07D8BB}.Release|Any CPU.ActiveCfg = Release|Any CPU
		{E179FD1A-9E21-450B-AD32-9546DA07D8BB}.Release|Any CPU.Build.0 = Release|Any CPU
		{3246642F-9ECD-41E5-A00A-1BAB49E02BD3}.Debug|Any CPU.ActiveCfg = Debug|Any CPU
		{3246642F-9ECD-41E5-A00A-1BAB49E02BD3}.Debug|Any CPU.Build.0 = Debug|Any CPU
		{3246642F-9ECD-41E5-A00A-1BAB49E02BD3}.Release|Any CPU.ActiveCfg = Release|Any CPU
		{3246642F-9ECD-41E5-A00A-1BAB49E02BD3}.Release|Any CPU.Build.0 = Release|Any CPU
		{2DADBB83-23A4-4D77-94BF-12903049A3E4}.Debug|Any CPU.ActiveCfg = Debug|Any CPU
		{2DADBB83-23A4-4D77-94BF-12903049A3E4}.Debug|Any CPU.Build.0 = Debug|Any CPU
		{2DADBB83-23A4-4D77-94BF-12903049A3E4}.Release|Any CPU.ActiveCfg = Release|Any CPU
		{2DADBB83-23A4-4D77-94BF-12903049A3E4}.Release|Any CPU.Build.0 = Release|Any CPU
		{9C5F2DDC-6D56-40E1-9197-15E591ACD0F6}.Debug|Any CPU.ActiveCfg = Debug|Any CPU
		{9C5F2DDC-6D56-40E1-9197-15E591ACD0F6}.Debug|Any CPU.Build.0 = Debug|Any CPU
		{9C5F2DDC-6D56-40E1-9197-15E591ACD0F6}.Release|Any CPU.ActiveCfg = Release|Any CPU
		{9C5F2DDC-6D56-40E1-9197-15E591ACD0F6}.Release|Any CPU.Build.0 = Release|Any CPU
		{AF4D0C95-DD64-4EDD-8108-8428DCDAF1D4}.Debug|Any CPU.ActiveCfg = Debug|Any CPU
		{AF4D0C95-DD64-4EDD-8108-8428DCDAF1D4}.Debug|Any CPU.Build.0 = Debug|Any CPU
		{AF4D0C95-DD64-4EDD-8108-8428DCDAF1D4}.Release|Any CPU.ActiveCfg = Release|Any CPU
		{AF4D0C95-DD64-4EDD-8108-8428DCDAF1D4}.Release|Any CPU.Build.0 = Release|Any CPU
		{560B352B-1AE3-4D69-9090-DA3C989B2CA6}.Debug|Any CPU.ActiveCfg = Debug|Any CPU
		{560B352B-1AE3-4D69-9090-DA3C989B2CA6}.Debug|Any CPU.Build.0 = Debug|Any CPU
		{560B352B-1AE3-4D69-9090-DA3C989B2CA6}.Release|Any CPU.ActiveCfg = Release|Any CPU
		{560B352B-1AE3-4D69-9090-DA3C989B2CA6}.Release|Any CPU.Build.0 = Release|Any CPU
		{97E48DDB-74AB-41CA-AFEC-5B4906EE472A}.Debug|Any CPU.ActiveCfg = Debug|Any CPU
		{97E48DDB-74AB-41CA-AFEC-5B4906EE472A}.Debug|Any CPU.Build.0 = Debug|Any CPU
		{97E48DDB-74AB-41CA-AFEC-5B4906EE472A}.Release|Any CPU.ActiveCfg = Release|Any CPU
		{97E48DDB-74AB-41CA-AFEC-5B4906EE472A}.Release|Any CPU.Build.0 = Release|Any CPU
		{424B6297-F0C6-4090-8201-CEE0E5F075D4}.Debug|Any CPU.ActiveCfg = Debug|Any CPU
		{424B6297-F0C6-4090-8201-CEE0E5F075D4}.Debug|Any CPU.Build.0 = Debug|Any CPU
		{424B6297-F0C6-4090-8201-CEE0E5F075D4}.Release|Any CPU.ActiveCfg = Release|Any CPU
		{424B6297-F0C6-4090-8201-CEE0E5F075D4}.Release|Any CPU.Build.0 = Release|Any CPU
		{874FAABE-3514-4025-9A34-58CB7326D294}.Debug|Any CPU.ActiveCfg = Debug|Any CPU
		{874FAABE-3514-4025-9A34-58CB7326D294}.Debug|Any CPU.Build.0 = Debug|Any CPU
		{874FAABE-3514-4025-9A34-58CB7326D294}.Release|Any CPU.ActiveCfg = Release|Any CPU
		{874FAABE-3514-4025-9A34-58CB7326D294}.Release|Any CPU.Build.0 = Release|Any CPU
	EndGlobalSection
	GlobalSection(SolutionProperties) = preSolution
		HideSolutionNode = FALSE
	EndGlobalSection
EndGlobal
