
Microsoft Visual Studio Solution File, Format Version 12.00
# Visual Studio 15
VisualStudioVersion = 15.0.27004.2008
MinimumVisualStudioVersion = 10.0.40219.1
Project("{FAE04EC0-301F-11D3-BF4B-00C04F79EFBC}") = "PruebaPre2doParcial", "PruebaPre2doParcial\PruebaPre2doParcial.csproj", "{C2EE0672-AB1E-457A-B838-A9BBA43E6DD7}"
EndProject
Project("{FAE04EC0-301F-11D3-BF4B-00C04F79EFBC}") = "Entidades", "Entidades\Entidades.csproj", "{9A954811-E525-4EE4-AAD3-07550BAB5064}"
EndProject
Global
	GlobalSection(SolutionConfigurationPlatforms) = preSolution
		Debug|Any CPU = Debug|Any CPU
		Release|Any CPU = Release|Any CPU
	EndGlobalSection
	GlobalSection(ProjectConfigurationPlatforms) = postSolution
		{C2EE0672-AB1E-457A-B838-A9BBA43E6DD7}.Debug|Any CPU.ActiveCfg = Debug|Any CPU
		{C2EE0672-AB1E-457A-B838-A9BBA43E6DD7}.Debug|Any CPU.Build.0 = Debug|Any CPU
		{C2EE0672-AB1E-457A-B838-A9BBA43E6DD7}.Release|Any CPU.ActiveCfg = Release|Any CPU
		{C2EE0672-AB1E-457A-B838-A9BBA43E6DD7}.Release|Any CPU.Build.0 = Release|Any CPU
		{9A954811-E525-4EE4-AAD3-07550BAB5064}.Debug|Any CPU.ActiveCfg = Debug|Any CPU
		{9A954811-E525-4EE4-AAD3-07550BAB5064}.Debug|Any CPU.Build.0 = Debug|Any CPU
		{9A954811-E525-4EE4-AAD3-07550BAB5064}.Release|Any CPU.ActiveCfg = Release|Any CPU
		{9A954811-E525-4EE4-AAD3-07550BAB5064}.Release|Any CPU.Build.0 = Release|Any CPU
	EndGlobalSection
	GlobalSection(SolutionProperties) = preSolution
		HideSolutionNode = FALSE
	EndGlobalSection
	GlobalSection(ExtensibilityGlobals) = postSolution
		SolutionGuid = {16F4113A-27EC-4C4E-B5F4-9914ED9A7D4B}
	EndGlobalSection
EndGlobal
