
Microsoft Visual Studio Solution File, Format Version 12.00
# Visual Studio 15
VisualStudioVersion = 15.0.27004.2008
MinimumVisualStudioVersion = 10.0.40219.1
Project("{FAE04EC0-301F-11D3-BF4B-00C04F79EFBC}") = "Corredores", "Corredores\Corredores.csproj", "{5E412852-EACF-48F9-B089-7A72A4A3F9FF}"
EndProject
Project("{FAE04EC0-301F-11D3-BF4B-00C04F79EFBC}") = "Entidades", "Entidades\Entidades.csproj", "{40FAA4BD-4A87-47D0-B5D2-211642FE1449}"
EndProject
Global
	GlobalSection(SolutionConfigurationPlatforms) = preSolution
		Debug|Any CPU = Debug|Any CPU
		Release|Any CPU = Release|Any CPU
	EndGlobalSection
	GlobalSection(ProjectConfigurationPlatforms) = postSolution
		{5E412852-EACF-48F9-B089-7A72A4A3F9FF}.Debug|Any CPU.ActiveCfg = Debug|Any CPU
		{5E412852-EACF-48F9-B089-7A72A4A3F9FF}.Debug|Any CPU.Build.0 = Debug|Any CPU
		{5E412852-EACF-48F9-B089-7A72A4A3F9FF}.Release|Any CPU.ActiveCfg = Release|Any CPU
		{5E412852-EACF-48F9-B089-7A72A4A3F9FF}.Release|Any CPU.Build.0 = Release|Any CPU
		{40FAA4BD-4A87-47D0-B5D2-211642FE1449}.Debug|Any CPU.ActiveCfg = Debug|Any CPU
		{40FAA4BD-4A87-47D0-B5D2-211642FE1449}.Debug|Any CPU.Build.0 = Debug|Any CPU
		{40FAA4BD-4A87-47D0-B5D2-211642FE1449}.Release|Any CPU.ActiveCfg = Release|Any CPU
		{40FAA4BD-4A87-47D0-B5D2-211642FE1449}.Release|Any CPU.Build.0 = Release|Any CPU
	EndGlobalSection
	GlobalSection(SolutionProperties) = preSolution
		HideSolutionNode = FALSE
	EndGlobalSection
	GlobalSection(ExtensibilityGlobals) = postSolution
		SolutionGuid = {04BB017C-52C0-4816-8BFF-484ADAB345DA}
	EndGlobalSection
EndGlobal
