
Microsoft Visual Studio Solution File, Format Version 12.00
# Visual Studio 15
VisualStudioVersion = 15.0.27004.2008
MinimumVisualStudioVersion = 10.0.40219.1
Project("{FAE04EC0-301F-11D3-BF4B-00C04F79EFBC}") = "PruebaFinal01", "PruebaFinal01\PruebaFinal01.csproj", "{5DA7E590-362E-4590-A775-BDE7C2993BAD}"
EndProject
Global
	GlobalSection(SolutionConfigurationPlatforms) = preSolution
		Debug|Any CPU = Debug|Any CPU
		Release|Any CPU = Release|Any CPU
	EndGlobalSection
	GlobalSection(ProjectConfigurationPlatforms) = postSolution
		{5DA7E590-362E-4590-A775-BDE7C2993BAD}.Debug|Any CPU.ActiveCfg = Debug|Any CPU
		{5DA7E590-362E-4590-A775-BDE7C2993BAD}.Debug|Any CPU.Build.0 = Debug|Any CPU
		{5DA7E590-362E-4590-A775-BDE7C2993BAD}.Release|Any CPU.ActiveCfg = Release|Any CPU
		{5DA7E590-362E-4590-A775-BDE7C2993BAD}.Release|Any CPU.Build.0 = Release|Any CPU
	EndGlobalSection
	GlobalSection(SolutionProperties) = preSolution
		HideSolutionNode = FALSE
	EndGlobalSection
	GlobalSection(ExtensibilityGlobals) = postSolution
		SolutionGuid = {33E75403-0474-462A-B249-7E7202CD8DB6}
	EndGlobalSection
EndGlobal
