
Microsoft Visual Studio Solution File, Format Version 12.00
# Visual Studio 15
VisualStudioVersion = 15.0.27004.2008
MinimumVisualStudioVersion = 10.0.40219.1
Project("{FAE04EC0-301F-11D3-BF4B-00C04F79EFBC}") = "FormPrueba01", "FormPrueba01\FormPrueba01.csproj", "{321A456D-DEEF-4E85-B6A2-B2BEBD6A98DC}"
EndProject
Global
	GlobalSection(SolutionConfigurationPlatforms) = preSolution
		Debug|Any CPU = Debug|Any CPU
		Release|Any CPU = Release|Any CPU
	EndGlobalSection
	GlobalSection(ProjectConfigurationPlatforms) = postSolution
		{321A456D-DEEF-4E85-B6A2-B2BEBD6A98DC}.Debug|Any CPU.ActiveCfg = Debug|Any CPU
		{321A456D-DEEF-4E85-B6A2-B2BEBD6A98DC}.Debug|Any CPU.Build.0 = Debug|Any CPU
		{321A456D-DEEF-4E85-B6A2-B2BEBD6A98DC}.Release|Any CPU.ActiveCfg = Release|Any CPU
		{321A456D-DEEF-4E85-B6A2-B2BEBD6A98DC}.Release|Any CPU.Build.0 = Release|Any CPU
	EndGlobalSection
	GlobalSection(SolutionProperties) = preSolution
		HideSolutionNode = FALSE
	EndGlobalSection
	GlobalSection(ExtensibilityGlobals) = postSolution
		SolutionGuid = {BB352CDD-B349-43F6-A35C-03A28FD4445E}
	EndGlobalSection
EndGlobal
