
Microsoft Visual Studio Solution File, Format Version 12.00
# Visual Studio 15
VisualStudioVersion = 15.0.27004.2008
MinimumVisualStudioVersion = 10.0.40219.1
Project("{FAE04EC0-301F-11D3-BF4B-00C04F79EFBC}") = "Gallo.Alejandro.2C", "Gallo.Alejandro.2C\Gallo.Alejandro.2C.csproj", "{87EAE73C-E742-4397-9BA8-7234E2BF8E8F}"
EndProject
Project("{FAE04EC0-301F-11D3-BF4B-00C04F79EFBC}") = "Interfaces", "Interfaces\Interfaces.csproj", "{2090F93A-5D10-45C3-B675-9389AAE78FEB}"
EndProject
Project("{FAE04EC0-301F-11D3-BF4B-00C04F79EFBC}") = "Entidades", "Entidades\Entidades.csproj", "{1B56F3FA-18F3-49F6-9F86-07FCFCCDE452}"
EndProject
Global
	GlobalSection(SolutionConfigurationPlatforms) = preSolution
		Debug|Any CPU = Debug|Any CPU
		Release|Any CPU = Release|Any CPU
	EndGlobalSection
	GlobalSection(ProjectConfigurationPlatforms) = postSolution
		{87EAE73C-E742-4397-9BA8-7234E2BF8E8F}.Debug|Any CPU.ActiveCfg = Debug|Any CPU
		{87EAE73C-E742-4397-9BA8-7234E2BF8E8F}.Debug|Any CPU.Build.0 = Debug|Any CPU
		{87EAE73C-E742-4397-9BA8-7234E2BF8E8F}.Release|Any CPU.ActiveCfg = Release|Any CPU
		{87EAE73C-E742-4397-9BA8-7234E2BF8E8F}.Release|Any CPU.Build.0 = Release|Any CPU
		{2090F93A-5D10-45C3-B675-9389AAE78FEB}.Debug|Any CPU.ActiveCfg = Debug|Any CPU
		{2090F93A-5D10-45C3-B675-9389AAE78FEB}.Debug|Any CPU.Build.0 = Debug|Any CPU
		{2090F93A-5D10-45C3-B675-9389AAE78FEB}.Release|Any CPU.ActiveCfg = Release|Any CPU
		{2090F93A-5D10-45C3-B675-9389AAE78FEB}.Release|Any CPU.Build.0 = Release|Any CPU
		{1B56F3FA-18F3-49F6-9F86-07FCFCCDE452}.Debug|Any CPU.ActiveCfg = Debug|Any CPU
		{1B56F3FA-18F3-49F6-9F86-07FCFCCDE452}.Debug|Any CPU.Build.0 = Debug|Any CPU
		{1B56F3FA-18F3-49F6-9F86-07FCFCCDE452}.Release|Any CPU.ActiveCfg = Release|Any CPU
		{1B56F3FA-18F3-49F6-9F86-07FCFCCDE452}.Release|Any CPU.Build.0 = Release|Any CPU
	EndGlobalSection
	GlobalSection(SolutionProperties) = preSolution
		HideSolutionNode = FALSE
	EndGlobalSection
	GlobalSection(ExtensibilityGlobals) = postSolution
		SolutionGuid = {E6FC21EF-5E7A-45EB-BBF8-EAC9EC3BFB52}
	EndGlobalSection
EndGlobal
